
Microsoft Visual Studio Solution File, Format Version 12.00
# Visual Studio Version 17
VisualStudioVersion = 17.0.31717.71
MinimumVisualStudioVersion = 10.0.40219.1
Project("{9A19103F-16F7-4668-BE54-9A1E7A4F7556}") = "ClientMud", "ClientMud.csproj", "{F82ED70B-CC1C-4C2C-B0A1-4E6464C5C430}"
EndProject
Global
	GlobalSection(SolutionConfigurationPlatforms) = preSolution
		Debug|Any CPU = Debug|Any CPU
		Release|Any CPU = Release|Any CPU
	EndGlobalSection
	GlobalSection(ProjectConfigurationPlatforms) = postSolution
		{F82ED70B-CC1C-4C2C-B0A1-4E6464C5C430}.Debug|Any CPU.ActiveCfg = Debug|Any CPU
		{F82ED70B-CC1C-4C2C-B0A1-4E6464C5C430}.Debug|Any CPU.Build.0 = Debug|Any CPU
		{F82ED70B-CC1C-4C2C-B0A1-4E6464C5C430}.Release|Any CPU.ActiveCfg = Release|Any CPU
		{F82ED70B-CC1C-4C2C-B0A1-4E6464C5C430}.Release|Any CPU.Build.0 = Release|Any CPU
	EndGlobalSection
	GlobalSection(SolutionProperties) = preSolution
		HideSolutionNode = FALSE
	EndGlobalSection
	GlobalSection(ExtensibilityGlobals) = postSolution
		SolutionGuid = {17BAC876-A148-46AC-99BA-52049546938B}
	EndGlobalSection
EndGlobal